
Microsoft Visual Studio Solution File, Format Version 12.00
# Visual Studio Version 17
VisualStudioVersion = 17.9.34622.214
MinimumVisualStudioVersion = 10.0.40219.1
Project("{FAE04EC0-301F-11D3-BF4B-00C04F79EFBC}") = "BeautyEcommerce", "BeautyEcommerce\BeautyEcommerce.csproj", "{1F337E96-DFB7-40E4-952D-67493EA4B0EC}"
EndProject
Global
	GlobalSection(SolutionConfigurationPlatforms) = preSolution
		Debug|Any CPU = Debug|Any CPU
		Release|Any CPU = Release|Any CPU
	EndGlobalSection
	GlobalSection(ProjectConfigurationPlatforms) = postSolution
		{1F337E96-DFB7-40E4-952D-67493EA4B0EC}.Debug|Any CPU.ActiveCfg = Debug|Any CPU
		{1F337E96-DFB7-40E4-952D-67493EA4B0EC}.Debug|Any CPU.Build.0 = Debug|Any CPU
		{1F337E96-DFB7-40E4-952D-67493EA4B0EC}.Release|Any CPU.ActiveCfg = Release|Any CPU
		{1F337E96-DFB7-40E4-952D-67493EA4B0EC}.Release|Any CPU.Build.0 = Release|Any CPU
	EndGlobalSection
	GlobalSection(SolutionProperties) = preSolution
		HideSolutionNode = FALSE
	EndGlobalSection
	GlobalSection(ExtensibilityGlobals) = postSolution
		SolutionGuid = {6E74C757-087C-4E07-A2F0-31B0F60DA0A6}
	EndGlobalSection
EndGlobal
